
Microsoft Visual Studio Solution File, Format Version 12.00
Project("{FAE04EC0-301F-11D3-BF4B-00C04F79EFBC}") = "AssetsLibrarySystem.Avalonia", "AssetsLibrarySystem.Avalonia\AssetsLibrarySystem.Avalonia.csproj", "{98DCC914-40E5-4597-9204-D98B5D8E9943}"
EndProject
Project("{FAE04EC0-301F-11D3-BF4B-00C04F79EFBC}") = "AssetsLibrarySystem.Application", "AssetsLibrarySystem.Application\AssetsLibrarySystem.Application.csproj", "{D7A1A9C4-89B3-49B1-9B69-5B8F3D5C0E31}"
EndProject
Project("{FAE04EC0-301F-11D3-BF4B-00C04F79EFBC}") = "AssetsLibrarySystem.Console", "AssetsLibrarySystem.Console\AssetsLibrarySystem.Console.csproj", "{A7B7D89B-2D46-4C57-9C2B-2D1B1AE3B8E2}"
EndProject
Project("{FAE04EC0-301F-11D3-BF4B-00C04F79EFBC}") = "AssetsLibrarySystem.Application.Tests", "AssetsLibrarySystem.Application.Tests\AssetsLibrarySystem.Application.Tests.csproj", "{68B93C95-CB1B-4F7A-8B89-168C184F788D}"
EndProject
Global
	GlobalSection(SolutionConfigurationPlatforms) = preSolution
		Debug|Any CPU = Debug|Any CPU
		Release|Any CPU = Release|Any CPU
	EndGlobalSection
	GlobalSection(ProjectConfigurationPlatforms) = postSolution
		{98DCC914-40E5-4597-9204-D98B5D8E9943}.Debug|Any CPU.ActiveCfg = Debug|Any CPU
		{98DCC914-40E5-4597-9204-D98B5D8E9943}.Debug|Any CPU.Build.0 = Debug|Any CPU
		{98DCC914-40E5-4597-9204-D98B5D8E9943}.Release|Any CPU.ActiveCfg = Release|Any CPU
		{98DCC914-40E5-4597-9204-D98B5D8E9943}.Release|Any CPU.Build.0 = Release|Any CPU
		{D7A1A9C4-89B3-49B1-9B69-5B8F3D5C0E31}.Debug|Any CPU.ActiveCfg = Debug|Any CPU
		{D7A1A9C4-89B3-49B1-9B69-5B8F3D5C0E31}.Debug|Any CPU.Build.0 = Debug|Any CPU
		{D7A1A9C4-89B3-49B1-9B69-5B8F3D5C0E31}.Release|Any CPU.ActiveCfg = Release|Any CPU
		{D7A1A9C4-89B3-49B1-9B69-5B8F3D5C0E31}.Release|Any CPU.Build.0 = Release|Any CPU
		{A7B7D89B-2D46-4C57-9C2B-2D1B1AE3B8E2}.Debug|Any CPU.ActiveCfg = Debug|Any CPU
		{A7B7D89B-2D46-4C57-9C2B-2D1B1AE3B8E2}.Debug|Any CPU.Build.0 = Debug|Any CPU
		{A7B7D89B-2D46-4C57-9C2B-2D1B1AE3B8E2}.Release|Any CPU.ActiveCfg = Release|Any CPU
		{A7B7D89B-2D46-4C57-9C2B-2D1B1AE3B8E2}.Release|Any CPU.Build.0 = Release|Any CPU
		{68B93C95-CB1B-4F7A-8B89-168C184F788D}.Debug|Any CPU.ActiveCfg = Debug|Any CPU
		{68B93C95-CB1B-4F7A-8B89-168C184F788D}.Debug|Any CPU.Build.0 = Debug|Any CPU
		{68B93C95-CB1B-4F7A-8B89-168C184F788D}.Release|Any CPU.ActiveCfg = Release|Any CPU
		{68B93C95-CB1B-4F7A-8B89-168C184F788D}.Release|Any CPU.Build.0 = Release|Any CPU
	EndGlobalSection
EndGlobal
